
Microsoft Visual Studio Solution File, Format Version 12.00
# Visual Studio Version 17
VisualStudioVersion = 17.0.31912.275
MinimumVisualStudioVersion = 10.0.40219.1
Project("{FAE04EC0-301F-11D3-BF4B-00C04F79EFBC}") = "MVC Web Service Demo", "MVC Web Service Demo.csproj", "{C1641835-0141-411B-B7D4-91D20607AA6A}"
EndProject
Global
	GlobalSection(SolutionConfigurationPlatforms) = preSolution
		Debug|Any CPU = Debug|Any CPU
		Release|Any CPU = Release|Any CPU
	EndGlobalSection
	GlobalSection(ProjectConfigurationPlatforms) = postSolution
		{C1641835-0141-411B-B7D4-91D20607AA6A}.Debug|Any CPU.ActiveCfg = Debug|Any CPU
		{C1641835-0141-411B-B7D4-91D20607AA6A}.Debug|Any CPU.Build.0 = Debug|Any CPU
		{C1641835-0141-411B-B7D4-91D20607AA6A}.Release|Any CPU.ActiveCfg = Release|Any CPU
		{C1641835-0141-411B-B7D4-91D20607AA6A}.Release|Any CPU.Build.0 = Release|Any CPU
	EndGlobalSection
	GlobalSection(SolutionProperties) = preSolution
		HideSolutionNode = FALSE
	EndGlobalSection
	GlobalSection(ExtensibilityGlobals) = postSolution
		SolutionGuid = {A1A1B7E8-4049-4E7B-B653-5DEECE1D7F5B}
	EndGlobalSection
EndGlobal
